{
  "lockfileVersion": 1,
  "configVersion": 1,
  "workspaces": {
    "": {
      "name": "better-auth-line-sample",
      "dependencies": {
        "better-auth": "^1.6.23",
      },
      "devDependencies": {
        "@types/bun": "^1.3.14",
      },
    },
  },
  "packages": {
    "@better-auth/core": ["@better-auth/core@1.6.23", "", { "dependencies": { "@opentelemetry/semantic-conventions": "^1.39.0", "@standard-schema/spec": "^1.1.0", "zod": "^4.3.6" }, "peerDependencies": { "@better-auth/utils": "0.4.2", "@better-fetch/fetch": "1.3.1", "@cloudflare/workers-types": ">=4", "@opentelemetry/api": "^1.9.0", "better-call": "1.3.7", "jose": "^6.1.0", "kysely": "^0.28.5 || ^0.29.0", "nanostores": "^1.0.1" }, "optionalPeers": ["@cloudflare/workers-types", "@opentelemetry/api"] }, "sha512-beEhOs0uVeOxYOZKUfIEBd/nQV2Bd4/6wyLxZ0OFkn6CMTK2Vi+hXuZLnyPBeB6RdHpebEoJWiHqwHxBIxgPDQ=="],

    "@better-auth/drizzle-adapter": ["@better-auth/drizzle-adapter@1.6.23", "", { "peerDependencies": { "@better-auth/core": "^1.6.23", "@better-auth/utils": "0.4.2", "drizzle-orm": "^0.45.2" }, "optionalPeers": ["drizzle-orm"] }, "sha512-2+/PTVfIP9E7iz6af8TB3lhnowHUj9ljC66kECmHaFEdUqPgzHoWux9epotKwO7XDg2ui4ttWQ8CMeNFLvQeKQ=="],

    "@better-auth/kysely-adapter": ["@better-auth/kysely-adapter@1.6.23", "", { "peerDependencies": { "@better-auth/core": "^1.6.23", "@better-auth/utils": "0.4.2", "kysely": "^0.28.17 || ^0.29.0" }, "optionalPeers": ["kysely"] }, "sha512-zbNJsMbG09exfkGyvFqBLLqWoMPAUWjxCuUnEK5AsjbYoZeIjj/QGZgdf4CapVWryKxjA9Q6Jlr6fbiPpC3VAg=="],

    "@better-auth/memory-adapter": ["@better-auth/memory-adapter@1.6.23", "", { "peerDependencies": { "@better-auth/core": "^1.6.23", "@better-auth/utils": "0.4.2" } }, "sha512-krIiR0pIVkaKlAzm690n5bcMW4NGbqeMg0HQSD9fz/KcQF/eWLqcq9gG/BhHTj2i/y96qH+W5JWPmaSOS5iTgQ=="],

    "@better-auth/mongo-adapter": ["@better-auth/mongo-adapter@1.6.23", "", { "peerDependencies": { "@better-auth/core": "^1.6.23", "@better-auth/utils": "0.4.2", "mongodb": "^6.0.0 || ^7.0.0" }, "optionalPeers": ["mongodb"] }, "sha512-7+QdevitGlKBbP6JbiSk5SBnzPsKV/mDrQBGBn8hwByQLeJwqpqbuBPw7ZI8vzUlFfAAnyFiqwP3Eb8mxnp7pA=="],

    "@better-auth/prisma-adapter": ["@better-auth/prisma-adapter@1.6.23", "", { "peerDependencies": { "@better-auth/core": "^1.6.23", "@better-auth/utils": "0.4.2", "@prisma/client": "^5.0.0 || ^6.0.0 || ^7.0.0", "prisma": "^5.0.0 || ^6.0.0 || ^7.0.0" }, "optionalPeers": ["@prisma/client", "prisma"] }, "sha512-2qSdzidq4tkb1eS5TTqb4Nzg0mdZWm3Qky9SYeXeb8PpVQbC2sxqJhEM5mK7y12uU6I8hc64wO9f7AFVNL+6UQ=="],

    "@better-auth/telemetry": ["@better-auth/telemetry@1.6.23", "", { "peerDependencies": { "@better-auth/core": "^1.6.23", "@better-auth/utils": "0.4.2", "@better-fetch/fetch": "1.3.1" } }, "sha512-/R2Kb+z2BpDOOWwVHqOk+c0VNpuwfCv4Hp5Yr9003WIZPax/zyNraGLB9CFE8qF2gZW8Dsz419k4I8CPrGzpDA=="],

    "@better-auth/utils": ["@better-auth/utils@0.4.2", "", { "dependencies": { "@noble/hashes": "^2.0.1" } }, "sha512-AUxrvu+HaaODsUyzDxFgwd/8RZ1yZaYo42LXKSrU2oGgR38pS1ij8nqQKNgtTWoYGpNevNXtCfgTy6loHveW9A=="],

    "@better-fetch/fetch": ["@better-fetch/fetch@1.3.1", "", {}, "sha512-ABkD1WhyfPZprKRQI3bhATjeiFuNWC9PXhfGWqL+sg/gKrM977oFrYkdb4msM3hgUGonr7KlOsOFT5TU2rht9g=="],

    "@noble/ciphers": ["@noble/ciphers@2.2.0", "", {}, "sha512-Z6pjIZ/8IJcCGzb2S/0Px5J81yij85xASuk1teLNeg75bfT07MV3a/O2Mtn1I2se43k3lkVEcFaR10N4cgQcZA=="],

    "@noble/hashes": ["@noble/hashes@2.2.0", "", {}, "sha512-IYqDGiTXab6FniAgnSdZwgWbomxpy9FtYvLKs7wCUs2a8RkITG+DFGO1DM9cr+E3/RgADRpFjrKVaJ1z6sjtEg=="],

    "@opentelemetry/semantic-conventions": ["@opentelemetry/semantic-conventions@1.43.0", "", {}, "sha512-eSYWTm620tTk45EKSedaUL8MFYI8hW164hIXsgIHyxu3VobUB3fFCu5t0hQby6OoWRPsG1KkKUG2M5UadiLiVg=="],

    "@standard-schema/spec": ["@standard-schema/spec@1.1.0", "", {}, "sha512-l2aFy5jALhniG5HgqrD6jXLi/rUWrKvqN/qJx6yoJsgKhblVd+iqqU4RCXavm/jPityDo5TCvKMnpjKnOriy0w=="],

    "@types/bun": ["@types/bun@1.3.14", "", { "dependencies": { "bun-types": "1.3.14" } }, "sha512-h1hFqFVcvAvD9j9K7ZW7vd82aSA+rTdznZa+5bwvCwqSB1jmmfLcbIWhOLx1/+boy/xmjgCs/OMUL8hRJSmnPw=="],

    "@types/node": ["@types/node@26.1.1", "", { "dependencies": { "undici-types": "~8.3.0" } }, "sha512-nxAkRSVkN1Y0JC1W8ky/fTfkGsMmcrRsbx+3XoZE+rMOX71kLYTV7fLXpqud1GpbpP5TuffXFqfX7fH2GgZREw=="],

    "better-auth": ["better-auth@1.6.23", "", { "dependencies": { "@better-auth/core": "1.6.23", "@better-auth/drizzle-adapter": "1.6.23", "@better-auth/kysely-adapter": "1.6.23", "@better-auth/memory-adapter": "1.6.23", "@better-auth/mongo-adapter": "1.6.23", "@better-auth/prisma-adapter": "1.6.23", "@better-auth/telemetry": "1.6.23", "@better-auth/utils": "0.4.2", "@better-fetch/fetch": "1.3.1", "@noble/ciphers": "^2.1.1", "@noble/hashes": "^2.0.1", "better-call": "1.3.7", "defu": "^6.1.4", "jose": "^6.1.3", "kysely": "^0.28.17 || ^0.29.0", "nanostores": "^1.1.1", "zod": "^4.3.6" }, "peerDependencies": { "@lynx-js/react": "*", "@prisma/client": "^5.0.0 || ^6.0.0 || ^7.0.0", "@sveltejs/kit": "^2.0.0", "@tanstack/react-start": "^1.0.0", "@tanstack/solid-start": "^1.0.0", "better-sqlite3": "^12.0.0", "drizzle-kit": ">=0.31.4", "drizzle-orm": "^0.45.2", "mongodb": "^6.0.0 || ^7.0.0", "mysql2": "^3.0.0", "next": "^14.0.0 || ^15.0.0 || ^16.0.0", "pg": "^8.0.0", "prisma": "^5.0.0 || ^6.0.0 || ^7.0.0", "react": "^18.0.0 || ^19.0.0", "react-dom": "^18.0.0 || ^19.0.0", "solid-js": "^1.0.0", "svelte": "^4.0.0 || ^5.0.0", "vitest": "^2.0.0 || ^3.0.0 || ^4.0.0", "vue": "^3.0.0" }, "optionalPeers": ["@lynx-js/react", "@prisma/client", "@sveltejs/kit", "@tanstack/react-start", "@tanstack/solid-start", "better-sqlite3", "drizzle-kit", "drizzle-orm", "mongodb", "mysql2", "next", "pg", "prisma", "react", "react-dom", "solid-js", "svelte", "vitest", "vue"] }, "sha512-4vOaRd9UiKGKm9R+ej0jjU1es3MiJIiNc9Qq3VCnYqOZ4/nb5272QqTxWYoDxyUXl5x6A2x2we5KZKQO9teTQQ=="],

    "better-call": ["better-call@1.3.7", "", { "dependencies": { "@better-auth/utils": "^0.4.0", "@better-fetch/fetch": "^1.1.21", "rou3": "^0.7.12", "set-cookie-parser": "^3.0.1" }, "peerDependencies": { "zod": "^4.0.0" }, "optionalPeers": ["zod"] }, "sha512-Al51/hjp2SSp6CRTa3F2ptcx4yQVS1xWKoY6jcVXqNYOap6mHFP2jUBn5EwIL4iIed1/Sq4hlQ+Umm6EflZG+w=="],

    "bun-types": ["bun-types@1.3.14", "", { "dependencies": { "@types/node": "*" } }, "sha512-4N0ig0fEomHt5R0KCFWjovxow98rIoRwKolrYdCcknNwMekCXRnWEUvgu5soYV8QXtVsrUD8B95MBOZGPvr6KQ=="],

    "defu": ["defu@6.1.7", "", {}, "sha512-7z22QmUWiQ/2d0KkdYmANbRUVABpZ9SNYyH5vx6PZ+nE5bcC0l7uFvEfHlyld/HcGBFTL536ClDt3DEcSlEJAQ=="],

    "jose": ["jose@6.2.3", "", {}, "sha512-YYVDInQKFJfR/xa3ojUTl8c2KoTwiL1R5Wg9YCydwH0x0B9grbzlg5HC7mMjCtUJjbQ/YnGEZIhI5tCgfTb4Hw=="],

    "kysely": ["kysely@0.29.4", "", {}, "sha512-y5mVgQNkMbs1eK9Xyc0pmNdabN2wHhRYY/5r4W5HrUT1rYCEPeVNSj1RUJeSDKT3U0p+mXCvLgkrFuIafYI6BA=="],

    "nanostores": ["nanostores@1.4.1", "", {}, "sha512-PGd3uPojJB9Z07d5NX3Db/SOSBbyy3wLMUGq0GpnEEJfVzY9mq7daPMAZ3jObV5D3Jn+YKND636eI5ULg7F80Q=="],

    "rou3": ["rou3@0.7.12", "", {}, "sha512-iFE4hLDuloSWcD7mjdCDhx2bKcIsYbtOTpfH5MHHLSKMOUyjqQXTeZVa289uuwEGEKFoE/BAPbhaU4B774nceg=="],

    "set-cookie-parser": ["set-cookie-parser@3.1.2", "", {}, "sha512-5/r/lTwbJ3zQ+qwdUFZYeRNqda7P5HD8zQKqlSjdGt1/S0cjLAphHusj4Y58ahDtWn/g32xrIS58/ikOvwl0Lw=="],

    "undici-types": ["undici-types@8.3.0", "", {}, "sha512-j375ScV60dom+YkPFIfTLcOiPxkN/buHz5GobjLhixFuANaNs3C9l4GmrWqejgXWJ7BbJcFYpTEUkS1Ge8bpZQ=="],

    "zod": ["zod@4.4.3", "", {}, "sha512-ytENFjIJFl2UwYglde2jchW2Hwm4GJFLDiSXWdTrJQBIN9Fcyp7n4DhxJEiWNAJMV1/BqWfW/kkg71UDcHJyTQ=="],
  }
}
